
Microsoft Visual Studio Solution File, Format Version 12.00
# Visual Studio Version 16
VisualStudioVersion = 16.0.30711.63
MinimumVisualStudioVersion = 10.0.40219.1
Project("{FAE04EC0-301F-11D3-BF4B-00C04F79EFBC}") = "Cassandra", "Cassandra\Cassandra.csproj", "{ED9C4F9A-EA61-4889-A3AD-D048E6AA55E9}"
EndProject
Project("{FAE04EC0-301F-11D3-BF4B-00C04F79EFBC}") = "CassandraDataProvider", "CassandraDataProvider\CassandraDataProvider.csproj", "{13A83D4E-CD83-47C4-A6DE-A76F964C9A5A}"
EndProject
Global
	GlobalSection(SolutionConfigurationPlatforms) = preSolution
		Debug|Any CPU = Debug|Any CPU
		Release|Any CPU = Release|Any CPU
	EndGlobalSection
	GlobalSection(ProjectConfigurationPlatforms) = postSolution
		{ED9C4F9A-EA61-4889-A3AD-D048E6AA55E9}.Debug|Any CPU.ActiveCfg = Debug|Any CPU
		{ED9C4F9A-EA61-4889-A3AD-D048E6AA55E9}.Debug|Any CPU.Build.0 = Debug|Any CPU
		{ED9C4F9A-EA61-4889-A3AD-D048E6AA55E9}.Release|Any CPU.ActiveCfg = Release|Any CPU
		{ED9C4F9A-EA61-4889-A3AD-D048E6AA55E9}.Release|Any CPU.Build.0 = Release|Any CPU
		{13A83D4E-CD83-47C4-A6DE-A76F964C9A5A}.Debug|Any CPU.ActiveCfg = Debug|Any CPU
		{13A83D4E-CD83-47C4-A6DE-A76F964C9A5A}.Debug|Any CPU.Build.0 = Debug|Any CPU
		{13A83D4E-CD83-47C4-A6DE-A76F964C9A5A}.Release|Any CPU.ActiveCfg = Release|Any CPU
		{13A83D4E-CD83-47C4-A6DE-A76F964C9A5A}.Release|Any CPU.Build.0 = Release|Any CPU
	EndGlobalSection
	GlobalSection(SolutionProperties) = preSolution
		HideSolutionNode = FALSE
	EndGlobalSection
	GlobalSection(ExtensibilityGlobals) = postSolution
		SolutionGuid = {23DB9E3D-BBC2-4784-8C74-4FC775C3BCA0}
	EndGlobalSection
EndGlobal
